
Microsoft Visual Studio Solution File, Format Version 12.00
# Visual Studio Version 17
VisualStudioVersion = 17.8.34408.163
MinimumVisualStudioVersion = 10.0.40219.1
Project("{FAE04EC0-301F-11D3-BF4B-00C04F79EFBC}") = "Graphs", "Graphs\Graphs.csproj", "{F7CCEB47-4137-419A-BBED-10C7CE2E74C0}"
EndProject
Project("{9A19103F-16F7-4668-BE54-9A1E7A4F7556}") = "FactoryManagementCore", "FactoryManagementCore\FactoryManagementCore.csproj", "{886888A3-67BC-4CD8-92D4-D7CE034B4504}"
EndProject
Project("{FAE04EC0-301F-11D3-BF4B-00C04F79EFBC}") = "GoogleServicesToolkit", "GoogleServicesToolkit\GoogleServicesToolkit.csproj", "{8AD4143F-3744-45A3-A7A6-02E1C8E475E4}"
EndProject
Project("{FAE04EC0-301F-11D3-BF4B-00C04F79EFBC}") = "CustomToolkit", "CustomToolkit\CustomToolkit.csproj", "{EC98B7A7-5342-4DD6-A6D3-B1E5215C9C0A}"
EndProject
Global
	GlobalSection(SolutionConfigurationPlatforms) = preSolution
		Debug|Any CPU = Debug|Any CPU
		Release|Any CPU = Release|Any CPU
	EndGlobalSection
	GlobalSection(ProjectConfigurationPlatforms) = postSolution
		{F7CCEB47-4137-419A-BBED-10C7CE2E74C0}.Debug|Any CPU.ActiveCfg = Debug|Any CPU
		{F7CCEB47-4137-419A-BBED-10C7CE2E74C0}.Debug|Any CPU.Build.0 = Debug|Any CPU
		{F7CCEB47-4137-419A-BBED-10C7CE2E74C0}.Release|Any CPU.ActiveCfg = Release|Any CPU
		{F7CCEB47-4137-419A-BBED-10C7CE2E74C0}.Release|Any CPU.Build.0 = Release|Any CPU
		{886888A3-67BC-4CD8-92D4-D7CE034B4504}.Debug|Any CPU.ActiveCfg = Debug|Any CPU
		{886888A3-67BC-4CD8-92D4-D7CE034B4504}.Debug|Any CPU.Build.0 = Debug|Any CPU
		{886888A3-67BC-4CD8-92D4-D7CE034B4504}.Release|Any CPU.ActiveCfg = Release|Any CPU
		{886888A3-67BC-4CD8-92D4-D7CE034B4504}.Release|Any CPU.Build.0 = Release|Any CPU
		{8AD4143F-3744-45A3-A7A6-02E1C8E475E4}.Debug|Any CPU.ActiveCfg = Debug|Any CPU
		{8AD4143F-3744-45A3-A7A6-02E1C8E475E4}.Debug|Any CPU.Build.0 = Debug|Any CPU
		{8AD4143F-3744-45A3-A7A6-02E1C8E475E4}.Release|Any CPU.ActiveCfg = Release|Any CPU
		{8AD4143F-3744-45A3-A7A6-02E1C8E475E4}.Release|Any CPU.Build.0 = Release|Any CPU
		{EC98B7A7-5342-4DD6-A6D3-B1E5215C9C0A}.Debug|Any CPU.ActiveCfg = Debug|Any CPU
		{EC98B7A7-5342-4DD6-A6D3-B1E5215C9C0A}.Debug|Any CPU.Build.0 = Debug|Any CPU
		{EC98B7A7-5342-4DD6-A6D3-B1E5215C9C0A}.Release|Any CPU.ActiveCfg = Release|Any CPU
		{EC98B7A7-5342-4DD6-A6D3-B1E5215C9C0A}.Release|Any CPU.Build.0 = Release|Any CPU
	EndGlobalSection
	GlobalSection(SolutionProperties) = preSolution
		HideSolutionNode = FALSE
	EndGlobalSection
	GlobalSection(ExtensibilityGlobals) = postSolution
		SolutionGuid = {FA7A1CC9-9304-4C2D-9FD0-122CEBBF2BAC}
	EndGlobalSection
EndGlobal
